<?xml version="1.0" encoding="utf-8"?>
<Project ToolsVersion="4.0" xmlns="http://schemas.microsoft.com/developer/msbuild/2003">
  <ItemGroup>
    <Filter Include="Source Files">
      <UniqueIdentifier>{4FC737F1-C7A5-4376-A066-2A32D752A2FF}</UniqueIdentifier>
      <Extensions>cpp;c;cc;cxx;def;odl;idl;hpj;bat;asm;asmx</Extensions>
    </Filter>
    <Filter Include="Header Files">
      <UniqueIdentifier>{93995380-89BD-4b04-88EB-625FBE52EBFB}</UniqueIdentifier>
      <Extensions>h;hpp;hxx;hm;inl;inc;xsd</Extensions>
    </Filter>
    <Filter Include="Resource Files">
      <UniqueIdentifier>{67DA6AB6-F800-4c08-8B7A-83BB121AAD01}</UniqueIdentifier>
      <Extensions>rc;ico;cur;bmp;dlg;rc2;rct;bin;rgs;gif;jpg;jpeg;jpe;resx;tiff;tif;png;wav;mfcribbon-ms</Extensions>
    </Filter>
    <Filter Include="Header Files\core">
      <UniqueIdentifier>{208d46b1-76f9-4b7a-bcd5-cb114deffc72}</UniqueIdentifier>
    </Filter>
    <Filter Include="Source Files\core">
      <UniqueIdentifier>{e9c7e2bf-4440-454f-80a3-4a4bcf275553}</UniqueIdentifier>
    </Filter>
    <Filter Include="Header Files\shapes">
      <UniqueIdentifier>{eecf08f5-7d65-43c8-aabb-271ed259baf6}</UniqueIdentifier>
    </Filter>
    <Filter Include="Source Files\shapes">
      <UniqueIdentifier>{04beedcd-1326-4991-ae45-7ed3e2ce64cc}</UniqueIdentifier>
    </Filter>
    <Filter Include="Header Files\cameras">
      <UniqueIdentifier>{b176557e-ca96-4052-85de-a76e97991cc3}</UniqueIdentifier>
    </Filter>
    <Filter Include="Source Files\cameras">
      <UniqueIdentifier>{d1d36a7a-4752-43b8-aed2-95bf0212d55c}</UniqueIdentifier>
    </Filter>
    <Filter Include="Source Files\api">
      <UniqueIdentifier>{88d535cf-11ff-4f29-83ae-89c9f35f9c91}</UniqueIdentifier>
    </Filter>
    <Filter Include="Header Files\api">
      <UniqueIdentifier>{99b01f44-7e8f-4272-b91f-4f96c74322b3}</UniqueIdentifier>
    </Filter>
    <Filter Include="Header Files\renderers">
      <UniqueIdentifier>{90ae959e-55db-4b52-8926-a1631a4d79f8}</UniqueIdentifier>
    </Filter>
    <Filter Include="Source Files\renderers">
      <UniqueIdentifier>{7d6ba75d-4862-4b01-b754-6ee8a87b9f0c}</UniqueIdentifier>
    </Filter>
    <Filter Include="Header Files\OSL">
      <UniqueIdentifier>{3b8a5122-dd63-42d7-80e5-2f85443f613d}</UniqueIdentifier>
    </Filter>
    <Filter Include="Source Files\OSL">
      <UniqueIdentifier>{ddaee8e1-bed8-4ebd-875a-5e54062dbe59}</UniqueIdentifier>
    </Filter>
    <Filter Include="Header Files\generators">
      <UniqueIdentifier>{f0784f15-e506-4ea9-b45e-29e7cd0b183a}</UniqueIdentifier>
    </Filter>
    <Filter Include="Source Files\generators">
      <UniqueIdentifier>{347b39aa-a1ef-4637-87b5-8fbf1834a83a}</UniqueIdentifier>
    </Filter>
  </ItemGroup>
  <ItemGroup>
    <ClInclude Include="..\..\api\paprikaapi.hpp">
      <Filter>Header Files\api</Filter>
    </ClInclude>
    <ClInclude Include="..\..\cameras\perspectivecamera.hpp">
      <Filter>Header Files\cameras</Filter>
    </ClInclude>
    <ClInclude Include="..\..\core\camera.hpp">
      <Filter>Header Files\core</Filter>
    </ClInclude>
    <ClInclude Include="..\..\core\debug.hpp">
      <Filter>Header Files\core</Filter>
    </ClInclude>
    <ClInclude Include="..\..\core\generator.hpp">
      <Filter>Header Files\core</Filter>
    </ClInclude>
    <ClInclude Include="..\..\core\geometry.hpp">
      <Filter>Header Files\core</Filter>
    </ClInclude>
    <ClInclude Include="..\..\core\mc.hpp">
      <Filter>Header Files\core</Filter>
    </ClInclude>
    <ClInclude Include="..\..\core\parametermap.hpp">
      <Filter>Header Files\core</Filter>
    </ClInclude>
    <ClInclude Include="..\..\core\paramitem.hpp">
      <Filter>Header Files\core</Filter>
    </ClInclude>
    <ClInclude Include="..\..\core\paramtype.hpp">
      <Filter>Header Files\core</Filter>
    </ClInclude>
    <ClInclude Include="..\..\core\primitive.hpp">
      <Filter>Header Files\core</Filter>
    </ClInclude>
    <ClInclude Include="..\..\core\projectivecamera.hpp">
      <Filter>Header Files\core</Filter>
    </ClInclude>
    <ClInclude Include="..\..\core\referenced.hpp">
      <Filter>Header Files\core</Filter>
    </ClInclude>
    <ClInclude Include="..\..\core\renderer.hpp">
      <Filter>Header Files\core</Filter>
    </ClInclude>
    <ClInclude Include="..\..\core\scene.hpp">
      <Filter>Header Files\core</Filter>
    </ClInclude>
    <ClInclude Include="..\..\core\shape.hpp">
      <Filter>Header Files\core</Filter>
    </ClInclude>
    <ClInclude Include="..\..\generators\luagenerator.hpp">
      <Filter>Header Files\generators</Filter>
    </ClInclude>
    <ClInclude Include="..\..\generators\trimeshgenerator.hpp">
      <Filter>Header Files\generators</Filter>
    </ClInclude>
    <ClInclude Include="..\..\OSL\optics.h">
      <Filter>Header Files\OSL</Filter>
    </ClInclude>
    <ClInclude Include="..\..\OSL\sampling.h">
      <Filter>Header Files\OSL</Filter>
    </ClInclude>
    <ClInclude Include="..\..\OSL\shading.h">
      <Filter>Header Files\OSL</Filter>
    </ClInclude>
    <ClInclude Include="..\..\OSL\background.h">
      <Filter>Header Files\OSL</Filter>
    </ClInclude>
    <ClInclude Include="..\..\renderers\debugrenderer.hpp">
      <Filter>Header Files\renderers</Filter>
    </ClInclude>
    <ClInclude Include="..\..\renderers\pathtracer.hpp">
      <Filter>Header Files\renderers</Filter>
    </ClInclude>
    <ClInclude Include="..\..\shapes\mesh.hpp">
      <Filter>Header Files\shapes</Filter>
    </ClInclude>
    <ClInclude Include="..\..\shapes\sphere.hpp">
      <Filter>Header Files\shapes</Filter>
    </ClInclude>
    <ClInclude Include="..\..\shapes\triangulate.hpp">
      <Filter>Header Files\shapes</Filter>
    </ClInclude>
    <ClInclude Include="..\..\libpaprika_export.hpp">
      <Filter>Header Files</Filter>
    </ClInclude>
  </ItemGroup>
  <ItemGroup>
    <ClCompile Include="..\..\api\paprikaapi.cpp">
      <Filter>Source Files\api</Filter>
    </ClCompile>
    <ClCompile Include="..\..\cameras\perspectivecamera.cpp">
      <Filter>Source Files\cameras</Filter>
    </ClCompile>
    <ClCompile Include="..\..\core\camera.cpp">
      <Filter>Source Files\core</Filter>
    </ClCompile>
    <ClCompile Include="..\..\core\debug.cpp">
      <Filter>Source Files\core</Filter>
    </ClCompile>
    <ClCompile Include="..\..\core\generator.cpp">
      <Filter>Source Files\core</Filter>
    </ClCompile>
    <ClCompile Include="..\..\core\geometry.cpp">
      <Filter>Source Files\core</Filter>
    </ClCompile>
    <ClCompile Include="..\..\core\mc.cpp">
      <Filter>Source Files\core</Filter>
    </ClCompile>
    <ClCompile Include="..\..\core\parametermap.cpp">
      <Filter>Source Files\core</Filter>
    </ClCompile>
    <ClCompile Include="..\..\core\paramitem.cpp">
      <Filter>Source Files\core</Filter>
    </ClCompile>
    <ClCompile Include="..\..\core\paramtype.cpp">
      <Filter>Source Files\core</Filter>
    </ClCompile>
    <ClCompile Include="..\..\core\primitive.cpp">
      <Filter>Source Files\core</Filter>
    </ClCompile>
    <ClCompile Include="..\..\core\projectivecamera.cpp">
      <Filter>Source Files\core</Filter>
    </ClCompile>
    <ClCompile Include="..\..\core\renderer.cpp">
      <Filter>Source Files\core</Filter>
    </ClCompile>
    <ClCompile Include="..\..\core\scene.cpp">
      <Filter>Source Files\core</Filter>
    </ClCompile>
    <ClCompile Include="..\..\core\shape.cpp">
      <Filter>Source Files\core</Filter>
    </ClCompile>
    <ClCompile Include="..\..\generators\luagenerator.cpp">
      <Filter>Source Files\generators</Filter>
    </ClCompile>
    <ClCompile Include="..\..\generators\trimeshgenerator.cpp">
      <Filter>Source Files\generators</Filter>
    </ClCompile>
    <ClCompile Include="..\..\generators\lua-5.1.5\etc\all.c">
      <Filter>Source Files\generators</Filter>
    </ClCompile>
    <ClCompile Include="..\..\OSL\shading.cpp">
      <Filter>Source Files\OSL</Filter>
    </ClCompile>
    <ClCompile Include="..\..\renderers\debugrenderer.cpp">
      <Filter>Source Files\renderers</Filter>
    </ClCompile>
    <ClCompile Include="..\..\renderers\pathtracer.cpp">
      <Filter>Source Files\renderers</Filter>
    </ClCompile>
    <ClCompile Include="..\..\shapes\mesh.cpp">
      <Filter>Source Files\shapes</Filter>
    </ClCompile>
    <ClCompile Include="..\..\shapes\sphere.cpp">
      <Filter>Source Files\shapes</Filter>
    </ClCompile>
    <ClCompile Include="..\..\shapes\triangulate.cpp">
      <Filter>Source Files\shapes</Filter>
    </ClCompile>
  </ItemGroup>
</Project>